
Microsoft Visual Studio Solution File, Format Version 12.00
# Visual Studio Version 17
VisualStudioVersion = 17.2.32616.157
MinimumVisualStudioVersion = 10.0.40219.1
Project("{FAE04EC0-301F-11D3-BF4B-00C04F79EFBC}") = "加密通话姬", "加密通话姬.csproj", "{C201E948-38B7-4E9B-A869-44D393D9AC8B}"
EndProject
Global
	GlobalSection(SolutionConfigurationPlatforms) = preSolution
		Debug|Any CPU = Debug|Any CPU
		Release|Any CPU = Release|Any CPU
	EndGlobalSection
	GlobalSection(ProjectConfigurationPlatforms) = postSolution
		{C201E948-38B7-4E9B-A869-44D393D9AC8B}.Debug|Any CPU.ActiveCfg = Debug|Any CPU
		{C201E948-38B7-4E9B-A869-44D393D9AC8B}.Debug|Any CPU.Build.0 = Debug|Any CPU
		{C201E948-38B7-4E9B-A869-44D393D9AC8B}.Release|Any CPU.ActiveCfg = Release|Any CPU
		{C201E948-38B7-4E9B-A869-44D393D9AC8B}.Release|Any CPU.Build.0 = Release|Any CPU
	EndGlobalSection
	GlobalSection(SolutionProperties) = preSolution
		HideSolutionNode = FALSE
	EndGlobalSection
	GlobalSection(ExtensibilityGlobals) = postSolution
		SolutionGuid = {E6D39C95-863F-4E2F-91E5-50A073A62399}
	EndGlobalSection
EndGlobal
